
Microsoft Visual Studio Solution File, Format Version 12.00
# Visual Studio Version 17
VisualStudioVersion = 17.2.32602.215
MinimumVisualStudioVersion = 10.0.40219.1
Project("{9A19103F-16F7-4668-BE54-9A1E7A4F7556}") = "CurrencyTask", "Currenccy\CurrencyTask.csproj", "{7B15AB09-BE1E-48B2-B3C6-88672C464D79}"
EndProject
Global
	GlobalSection(SolutionConfigurationPlatforms) = preSolution
		Debug|Any CPU = Debug|Any CPU
		Release|Any CPU = Release|Any CPU
	EndGlobalSection
	GlobalSection(ProjectConfigurationPlatforms) = postSolution
		{7B15AB09-BE1E-48B2-B3C6-88672C464D79}.Debug|Any CPU.ActiveCfg = Debug|Any CPU
		{7B15AB09-BE1E-48B2-B3C6-88672C464D79}.Debug|Any CPU.Build.0 = Debug|Any CPU
		{7B15AB09-BE1E-48B2-B3C6-88672C464D79}.Release|Any CPU.ActiveCfg = Release|Any CPU
		{7B15AB09-BE1E-48B2-B3C6-88672C464D79}.Release|Any CPU.Build.0 = Release|Any CPU
	EndGlobalSection
	GlobalSection(SolutionProperties) = preSolution
		HideSolutionNode = FALSE
	EndGlobalSection
	GlobalSection(ExtensibilityGlobals) = postSolution
		SolutionGuid = {3591144D-4256-46E8-9112-2B3114DE52B7}
	EndGlobalSection
EndGlobal
